
Microsoft Visual Studio Solution File, Format Version 12.00
# Visual Studio Version 16
VisualStudioVersion = 16.0.30717.126
MinimumVisualStudioVersion = 10.0.40219.1
Project("{2150E333-8FDC-42A3-9474-1A3956D46DE8}") = "src", "src", "{F3D6082C-EBFD-4D0E-95D3-0E61EF23FD13}"
EndProject
Project("{9A19103F-16F7-4668-BE54-9A1E7A4F7556}") = "HcodeR.Domain", "src\HcodeR.Domain\HcodeR.Domain.csproj", "{154CA873-A831-465C-8040-C519358D670F}"
EndProject
Project("{9A19103F-16F7-4668-BE54-9A1E7A4F7556}") = "HcodeR.Application", "src\HcodeR.Application\HcodeR.Application.csproj", "{609A305A-26AA-4959-B2AA-85EE067693B3}"
EndProject
Project("{9A19103F-16F7-4668-BE54-9A1E7A4F7556}") = "HcodeR.Crosscutting", "src\HcodeR.Crosscutting\HcodeR.Crosscutting.csproj", "{67A6FDC6-2AF9-407A-9DE2-63B0B3C83314}"
EndProject
Project("{9A19103F-16F7-4668-BE54-9A1E7A4F7556}") = "HcodeR.Infrastructure", "src\HcodeR.Infrastructure\HcodeR.Infrastructure.csproj", "{0A554BC0-1E4C-4F16-8B70-05DE47F23EB1}"
EndProject
Project("{9A19103F-16F7-4668-BE54-9A1E7A4F7556}") = "HcodeR.Infrastructure.Pagination", "src\HcodeR.Infrastructure.Pagination\HcodeR.Infrastructure.Pagination.csproj", "{F46AF692-0FB4-4C86-9393-A1EA907C4A34}"
EndProject
Project("{9A19103F-16F7-4668-BE54-9A1E7A4F7556}") = "HcodeR.IoC", "src\HcodeR.IoC\HcodeR.IoC.csproj", "{3EED53D5-FD5D-473D-9289-8B3A91F3FDD9}"
EndProject
Project("{9A19103F-16F7-4668-BE54-9A1E7A4F7556}") = "HcodeR.API", "src\HcodeR.API\HcodeR.API.csproj", "{E032E70F-6E8D-40AC-825F-A5A8CC64A0DD}"
EndProject
Project("{2150E333-8FDC-42A3-9474-1A3956D46DE8}") = "core", "core", "{45A21169-D61D-41F2-9BD6-A1503DC8F34F}"
EndProject
Project("{9A19103F-16F7-4668-BE54-9A1E7A4F7556}") = "HcodeR.Core.Domain", "core\HcodeR.Core.Domain\HcodeR.Core.Domain.csproj", "{4E5E4639-54B3-46A0-833F-EF83B5DEBEEC}"
EndProject
Project("{2150E333-8FDC-42A3-9474-1A3956D46DE8}") = "test", "test", "{33783A16-EA80-4812-B516-949037586EFB}"
EndProject
Project("{FAE04EC0-301F-11D3-BF4B-00C04F79EFBC}") = "HcodeR.Domain.Test", "test\HcodeR.Domain.Test\HcodeR.Domain.Test.csproj", "{BC5F92A1-5BD3-4711-AB58-8A84C28FE327}"
EndProject
Global
	GlobalSection(SolutionConfigurationPlatforms) = preSolution
		Debug|Any CPU = Debug|Any CPU
		Release|Any CPU = Release|Any CPU
	EndGlobalSection
	GlobalSection(ProjectConfigurationPlatforms) = postSolution
		{154CA873-A831-465C-8040-C519358D670F}.Debug|Any CPU.ActiveCfg = Debug|Any CPU
		{154CA873-A831-465C-8040-C519358D670F}.Debug|Any CPU.Build.0 = Debug|Any CPU
		{154CA873-A831-465C-8040-C519358D670F}.Release|Any CPU.ActiveCfg = Release|Any CPU
		{154CA873-A831-465C-8040-C519358D670F}.Release|Any CPU.Build.0 = Release|Any CPU
		{609A305A-26AA-4959-B2AA-85EE067693B3}.Debug|Any CPU.ActiveCfg = Debug|Any CPU
		{609A305A-26AA-4959-B2AA-85EE067693B3}.Debug|Any CPU.Build.0 = Debug|Any CPU
		{609A305A-26AA-4959-B2AA-85EE067693B3}.Release|Any CPU.ActiveCfg = Release|Any CPU
		{609A305A-26AA-4959-B2AA-85EE067693B3}.Release|Any CPU.Build.0 = Release|Any CPU
		{67A6FDC6-2AF9-407A-9DE2-63B0B3C83314}.Debug|Any CPU.ActiveCfg = Debug|Any CPU
		{67A6FDC6-2AF9-407A-9DE2-63B0B3C83314}.Debug|Any CPU.Build.0 = Debug|Any CPU
		{67A6FDC6-2AF9-407A-9DE2-63B0B3C83314}.Release|Any CPU.ActiveCfg = Release|Any CPU
		{67A6FDC6-2AF9-407A-9DE2-63B0B3C83314}.Release|Any CPU.Build.0 = Release|Any CPU
		{0A554BC0-1E4C-4F16-8B70-05DE47F23EB1}.Debug|Any CPU.ActiveCfg = Debug|Any CPU
		{0A554BC0-1E4C-4F16-8B70-05DE47F23EB1}.Debug|Any CPU.Build.0 = Debug|Any CPU
		{0A554BC0-1E4C-4F16-8B70-05DE47F23EB1}.Release|Any CPU.ActiveCfg = Release|Any CPU
		{0A554BC0-1E4C-4F16-8B70-05DE47F23EB1}.Release|Any CPU.Build.0 = Release|Any CPU
		{F46AF692-0FB4-4C86-9393-A1EA907C4A34}.Debug|Any CPU.ActiveCfg = Debug|Any CPU
		{F46AF692-0FB4-4C86-9393-A1EA907C4A34}.Debug|Any CPU.Build.0 = Debug|Any CPU
		{F46AF692-0FB4-4C86-9393-A1EA907C4A34}.Release|Any CPU.ActiveCfg = Release|Any CPU
		{F46AF692-0FB4-4C86-9393-A1EA907C4A34}.Release|Any CPU.Build.0 = Release|Any CPU
		{3EED53D5-FD5D-473D-9289-8B3A91F3FDD9}.Debug|Any CPU.ActiveCfg = Debug|Any CPU
		{3EED53D5-FD5D-473D-9289-8B3A91F3FDD9}.Debug|Any CPU.Build.0 = Debug|Any CPU
		{3EED53D5-FD5D-473D-9289-8B3A91F3FDD9}.Release|Any CPU.ActiveCfg = Release|Any CPU
		{3EED53D5-FD5D-473D-9289-8B3A91F3FDD9}.Release|Any CPU.Build.0 = Release|Any CPU
		{E032E70F-6E8D-40AC-825F-A5A8CC64A0DD}.Debug|Any CPU.ActiveCfg = Debug|Any CPU
		{E032E70F-6E8D-40AC-825F-A5A8CC64A0DD}.Debug|Any CPU.Build.0 = Debug|Any CPU
		{E032E70F-6E8D-40AC-825F-A5A8CC64A0DD}.Release|Any CPU.ActiveCfg = Release|Any CPU
		{E032E70F-6E8D-40AC-825F-A5A8CC64A0DD}.Release|Any CPU.Build.0 = Release|Any CPU
		{4E5E4639-54B3-46A0-833F-EF83B5DEBEEC}.Debug|Any CPU.ActiveCfg = Debug|Any CPU
		{4E5E4639-54B3-46A0-833F-EF83B5DEBEEC}.Debug|Any CPU.Build.0 = Debug|Any CPU
		{4E5E4639-54B3-46A0-833F-EF83B5DEBEEC}.Release|Any CPU.ActiveCfg = Release|Any CPU
		{4E5E4639-54B3-46A0-833F-EF83B5DEBEEC}.Release|Any CPU.Build.0 = Release|Any CPU
		{BC5F92A1-5BD3-4711-AB58-8A84C28FE327}.Debug|Any CPU.ActiveCfg = Debug|Any CPU
		{BC5F92A1-5BD3-4711-AB58-8A84C28FE327}.Debug|Any CPU.Build.0 = Debug|Any CPU
		{BC5F92A1-5BD3-4711-AB58-8A84C28FE327}.Release|Any CPU.ActiveCfg = Release|Any CPU
		{BC5F92A1-5BD3-4711-AB58-8A84C28FE327}.Release|Any CPU.Build.0 = Release|Any CPU
	EndGlobalSection
	GlobalSection(SolutionProperties) = preSolution
		HideSolutionNode = FALSE
	EndGlobalSection
	GlobalSection(NestedProjects) = preSolution
		{154CA873-A831-465C-8040-C519358D670F} = {F3D6082C-EBFD-4D0E-95D3-0E61EF23FD13}
		{609A305A-26AA-4959-B2AA-85EE067693B3} = {F3D6082C-EBFD-4D0E-95D3-0E61EF23FD13}
		{67A6FDC6-2AF9-407A-9DE2-63B0B3C83314} = {F3D6082C-EBFD-4D0E-95D3-0E61EF23FD13}
		{0A554BC0-1E4C-4F16-8B70-05DE47F23EB1} = {F3D6082C-EBFD-4D0E-95D3-0E61EF23FD13}
		{F46AF692-0FB4-4C86-9393-A1EA907C4A34} = {F3D6082C-EBFD-4D0E-95D3-0E61EF23FD13}
		{3EED53D5-FD5D-473D-9289-8B3A91F3FDD9} = {F3D6082C-EBFD-4D0E-95D3-0E61EF23FD13}
		{E032E70F-6E8D-40AC-825F-A5A8CC64A0DD} = {F3D6082C-EBFD-4D0E-95D3-0E61EF23FD13}
		{4E5E4639-54B3-46A0-833F-EF83B5DEBEEC} = {45A21169-D61D-41F2-9BD6-A1503DC8F34F}
		{BC5F92A1-5BD3-4711-AB58-8A84C28FE327} = {33783A16-EA80-4812-B516-949037586EFB}
	EndGlobalSection
	GlobalSection(ExtensibilityGlobals) = postSolution
		SolutionGuid = {F107BFDC-FDE9-4FD2-A62C-1130562A890D}
	EndGlobalSection
EndGlobal
